
Microsoft Visual Studio Solution File, Format Version 12.00
Project("{FAE04EC0-301F-11D3-BF4B-00C04F79EFBC}") = "SectraCalculator", "SectraCalculator.csproj", "{05C800CE-B066-4CE2-8AF5-3AA3E20060E5}"
EndProject
Global
	GlobalSection(SolutionConfigurationPlatforms) = preSolution
		Debug|Any CPU = Debug|Any CPU
		Release|Any CPU = Release|Any CPU
	EndGlobalSection
	GlobalSection(ProjectConfigurationPlatforms) = postSolution
		{05C800CE-B066-4CE2-8AF5-3AA3E20060E5}.Debug|Any CPU.ActiveCfg = Debug|Any CPU
		{05C800CE-B066-4CE2-8AF5-3AA3E20060E5}.Debug|Any CPU.Build.0 = Debug|Any CPU
		{05C800CE-B066-4CE2-8AF5-3AA3E20060E5}.Release|Any CPU.ActiveCfg = Release|Any CPU
		{05C800CE-B066-4CE2-8AF5-3AA3E20060E5}.Release|Any CPU.Build.0 = Release|Any CPU
	EndGlobalSection
EndGlobal
